{
  "name": "task-tracker",
  "version": "1.0.0",
  "lockfileVersion": 3,
  "requires": true,
  "packages": {
    "": {
      "name": "task-tracker",
      "version": "1.0.0",
      "license": "ISC",
      "devDependencies": {
        "mock-stdin": "1.0.0",
        "stdout-stderr": "0.1.13"
      }
    },
    "node_modules/ansi-regex": {
      "version": "5.0.1",
      "resolved": "https://registry.npmjs.org/ansi-regex/-/ansi-regex-5.0.1.tgz",
      "integrity": "sha512-quJQXlTSUGL2LH9SUXo8VwsY4soanhgo6LNSm84E1LBcE8s3O0wpdiRzyR9z/ZZJMlMWv37qOOb9pdJlMUEKFQ==",
      "dev": true,
      "engines": {
        "node": ">=8"
      }
    },
    "node_modules/debug": {
      "version": "4.3.7",
      "resolved": "https://registry.npmjs.org/debug/-/debug-4.3.7.tgz",
      "integrity": "sha512-Er2nc/H7RrMXZBFCEim6TCmMk02Z8vLC2Rbi1KEBggpo0fS6l0S1nnapwmIi3yW/+GOJap1Krg4w0Hg80oCqgQ==",
      "dev": true,
      "dependencies": {
        "ms": "^2.1.3"
      },
      "engines": {
        "node": ">=6.0"
      },
      "peerDependenciesMeta": {
        "supports-color": {
          "optional": true
        }
      }
    },
    "node_modules/mock-stdin": {
      "version": "1.0.0",
      "resolved": "https://registry.npmjs.org/mock-stdin/-/mock-stdin-1.0.0.tgz",
      "integrity": "sha512-tukRdb9Beu27t6dN+XztSRHq9J0B/CoAOySGzHfn8UTfmqipA5yNT/sDUEyYdAV3Hpka6Wx6kOMxuObdOex60Q==",
      "dev": true
    },
    "node_modules/ms": {
      "version": "2.1.3",
      "resolved": "https://registry.npmjs.org/ms/-/ms-2.1.3.tgz",
      "integrity": "sha512-6FlzubTLZG3J2a/NVCAleEhjzq5oxgHyaCU9yYXvcLsvoVaHJq/s5xXI6/XXP6tz7R9xAOtHnSO/tXtF3WRTlA==",
      "dev": true
    },
    "node_modules/stdout-stderr": {
      "version": "0.1.13",
      "resolved": "https://registry.npmjs.org/stdout-stderr/-/stdout-stderr-0.1.13.tgz",
      "integrity": "sha512-Xnt9/HHHYfjZ7NeQLvuQDyL1LnbsbddgMFKCuaQKwGCdJm8LnstZIXop+uOY36UR1UXXoHXfMbC1KlVdVd2JLA==",
      "dev": true,
      "dependencies": {
        "debug": "^4.1.1",
        "strip-ansi": "^6.0.0"
      },
      "engines": {
        "node": ">=8.0.0"
      }
    },
    "node_modules/strip-ansi": {
      "version": "6.0.1",
      "resolved": "https://registry.npmjs.org/strip-ansi/-/strip-ansi-6.0.1.tgz",
      "integrity": "sha512-Y38VPSHcqkFrCpFnQ9vuSXmquuv5oXOKpGeT6aGrr3o3Gc9AlVa6JBfUSOCnbxGGZF+/0ooI7KrPuUSztUdU5A==",
      "dev": true,
      "dependencies": {
        "ansi-regex": "^5.0.1"
      },
      "engines": {
        "node": ">=8"
      }
    }
  }
}
